
Microsoft Visual Studio Solution File, Format Version 12.00
# Visual Studio Version 16
VisualStudioVersion = 16.0.30406.217
MinimumVisualStudioVersion = 10.0.40219.1
Project("{888888A0-9F3D-457C-B088-3A5042F75D52}") = "TeklaIFC2", "TeklaIFC2.pyproj", "{924C1328-7269-4470-85A2-51187E4AFE5D}"
EndProject
Global
	GlobalSection(SolutionConfigurationPlatforms) = preSolution
		Debug|Any CPU = Debug|Any CPU
		Release|Any CPU = Release|Any CPU
	EndGlobalSection
	GlobalSection(ProjectConfigurationPlatforms) = postSolution
		{924C1328-7269-4470-85A2-51187E4AFE5D}.Debug|Any CPU.ActiveCfg = Debug|Any CPU
		{924C1328-7269-4470-85A2-51187E4AFE5D}.Release|Any CPU.ActiveCfg = Release|Any CPU
	EndGlobalSection
	GlobalSection(SolutionProperties) = preSolution
		HideSolutionNode = FALSE
	EndGlobalSection
	GlobalSection(ExtensibilityGlobals) = postSolution
		SolutionGuid = {37DA49D0-B3A3-41E5-ADF6-F3CC0023DA16}
	EndGlobalSection
EndGlobal
